
Microsoft Visual Studio Solution File, Format Version 12.00
# Visual Studio Version 16
VisualStudioVersion = 16.0.29324.140
MinimumVisualStudioVersion = 10.0.40219.1
Project("{FAE04EC0-301F-11D3-BF4B-00C04F79EFBC}") = "18_PA09_Rayyaan", "18_PA09_Rayyaan\18_PA09_Rayyaan.csproj", "{8A37DD4E-EE96-4686-820D-46C929CBA321}"
EndProject
Global
	GlobalSection(SolutionConfigurationPlatforms) = preSolution
		Debug|Any CPU = Debug|Any CPU
		Release|Any CPU = Release|Any CPU
	EndGlobalSection
	GlobalSection(ProjectConfigurationPlatforms) = postSolution
		{8A37DD4E-EE96-4686-820D-46C929CBA321}.Debug|Any CPU.ActiveCfg = Debug|Any CPU
		{8A37DD4E-EE96-4686-820D-46C929CBA321}.Debug|Any CPU.Build.0 = Debug|Any CPU
		{8A37DD4E-EE96-4686-820D-46C929CBA321}.Release|Any CPU.ActiveCfg = Release|Any CPU
		{8A37DD4E-EE96-4686-820D-46C929CBA321}.Release|Any CPU.Build.0 = Release|Any CPU
	EndGlobalSection
	GlobalSection(SolutionProperties) = preSolution
		HideSolutionNode = FALSE
	EndGlobalSection
	GlobalSection(ExtensibilityGlobals) = postSolution
		SolutionGuid = {94E32B12-093D-43B9-B330-1D3AA2487683}
	EndGlobalSection
EndGlobal
